
Microsoft Visual Studio Solution File, Format Version 12.00
# Visual Studio Version 17
VisualStudioVersion = 17.13.35825.156 d17.13
MinimumVisualStudioVersion = 10.0.40219.1
Project("{FAE04EC0-301F-11D3-BF4B-00C04F79EFBC}") = "4. StructureAndEnumeration", "4. StructureAndEnumeration\4. StructureAndEnumeration.csproj", "{6B1F79AE-2482-40F7-939C-4CEB57FFDB57}"
EndProject
Global
	GlobalSection(SolutionConfigurationPlatforms) = preSolution
		Debug|Any CPU = Debug|Any CPU
		Release|Any CPU = Release|Any CPU
	EndGlobalSection
	GlobalSection(ProjectConfigurationPlatforms) = postSolution
		{6B1F79AE-2482-40F7-939C-4CEB57FFDB57}.Debug|Any CPU.ActiveCfg = Debug|Any CPU
		{6B1F79AE-2482-40F7-939C-4CEB57FFDB57}.Debug|Any CPU.Build.0 = Debug|Any CPU
		{6B1F79AE-2482-40F7-939C-4CEB57FFDB57}.Release|Any CPU.ActiveCfg = Release|Any CPU
		{6B1F79AE-2482-40F7-939C-4CEB57FFDB57}.Release|Any CPU.Build.0 = Release|Any CPU
	EndGlobalSection
	GlobalSection(SolutionProperties) = preSolution
		HideSolutionNode = FALSE
	EndGlobalSection
	GlobalSection(ExtensibilityGlobals) = postSolution
		SolutionGuid = {A7A383B5-00AE-4741-96BD-56B00FA88460}
	EndGlobalSection
EndGlobal
