
Microsoft Visual Studio Solution File, Format Version 12.00
# Visual Studio Version 17
VisualStudioVersion = 17.13.35825.156 d17.13
MinimumVisualStudioVersion = 10.0.40219.1
Project("{FAE04EC0-301F-11D3-BF4B-00C04F79EFBC}") = "9. Indexer", "9. Indexer\9. Indexer.csproj", "{B06CBA36-69EF-4F45-AE52-C47C75026A84}"
EndProject
Global
	GlobalSection(SolutionConfigurationPlatforms) = preSolution
		Debug|Any CPU = Debug|Any CPU
		Release|Any CPU = Release|Any CPU
	EndGlobalSection
	GlobalSection(ProjectConfigurationPlatforms) = postSolution
		{B06CBA36-69EF-4F45-AE52-C47C75026A84}.Debug|Any CPU.ActiveCfg = Debug|Any CPU
		{B06CBA36-69EF-4F45-AE52-C47C75026A84}.Debug|Any CPU.Build.0 = Debug|Any CPU
		{B06CBA36-69EF-4F45-AE52-C47C75026A84}.Release|Any CPU.ActiveCfg = Release|Any CPU
		{B06CBA36-69EF-4F45-AE52-C47C75026A84}.Release|Any CPU.Build.0 = Release|Any CPU
	EndGlobalSection
	GlobalSection(SolutionProperties) = preSolution
		HideSolutionNode = FALSE
	EndGlobalSection
	GlobalSection(ExtensibilityGlobals) = postSolution
		SolutionGuid = {07965EE5-B226-4FA2-82DE-CC0C71D8515B}
	EndGlobalSection
EndGlobal
