
Microsoft Visual Studio Solution File, Format Version 12.00
# Visual Studio Version 17
VisualStudioVersion = 17.13.35825.156 d17.13
MinimumVisualStudioVersion = 10.0.40219.1
Project("{FAE04EC0-301F-11D3-BF4B-00C04F79EFBC}") = "12. Delegate", "12. Delegate\12. Delegate.csproj", "{B65E3D8A-E31F-4893-80AE-C849ED753DC5}"
EndProject
Global
	GlobalSection(SolutionConfigurationPlatforms) = preSolution
		Debug|Any CPU = Debug|Any CPU
		Release|Any CPU = Release|Any CPU
	EndGlobalSection
	GlobalSection(ProjectConfigurationPlatforms) = postSolution
		{B65E3D8A-E31F-4893-80AE-C849ED753DC5}.Debug|Any CPU.ActiveCfg = Debug|Any CPU
		{B65E3D8A-E31F-4893-80AE-C849ED753DC5}.Debug|Any CPU.Build.0 = Debug|Any CPU
		{B65E3D8A-E31F-4893-80AE-C849ED753DC5}.Release|Any CPU.ActiveCfg = Release|Any CPU
		{B65E3D8A-E31F-4893-80AE-C849ED753DC5}.Release|Any CPU.Build.0 = Release|Any CPU
	EndGlobalSection
	GlobalSection(SolutionProperties) = preSolution
		HideSolutionNode = FALSE
	EndGlobalSection
	GlobalSection(ExtensibilityGlobals) = postSolution
		SolutionGuid = {9E6E0647-BF65-49D0-BE27-1169BD2CF9FA}
	EndGlobalSection
EndGlobal
