
Microsoft Visual Studio Solution File, Format Version 12.00
# Visual Studio Version 17
VisualStudioVersion = 17.13.35825.156 d17.13
MinimumVisualStudioVersion = 10.0.40219.1
Project("{FAE04EC0-301F-11D3-BF4B-00C04F79EFBC}") = "Constructor", "Constructor\Constructor.csproj", "{AC9C962D-6426-4079-A8FA-B5BFA5733547}"
EndProject
Global
	GlobalSection(SolutionConfigurationPlatforms) = preSolution
		Debug|Any CPU = Debug|Any CPU
		Release|Any CPU = Release|Any CPU
	EndGlobalSection
	GlobalSection(ProjectConfigurationPlatforms) = postSolution
		{AC9C962D-6426-4079-A8FA-B5BFA5733547}.Debug|Any CPU.ActiveCfg = Debug|Any CPU
		{AC9C962D-6426-4079-A8FA-B5BFA5733547}.Debug|Any CPU.Build.0 = Debug|Any CPU
		{AC9C962D-6426-4079-A8FA-B5BFA5733547}.Release|Any CPU.ActiveCfg = Release|Any CPU
		{AC9C962D-6426-4079-A8FA-B5BFA5733547}.Release|Any CPU.Build.0 = Release|Any CPU
	EndGlobalSection
	GlobalSection(SolutionProperties) = preSolution
		HideSolutionNode = FALSE
	EndGlobalSection
	GlobalSection(ExtensibilityGlobals) = postSolution
		SolutionGuid = {FBB3159C-EA2A-4964-9B45-FB5723997195}
	EndGlobalSection
EndGlobal
