
Microsoft Visual Studio Solution File, Format Version 12.00
# Visual Studio Version 17
VisualStudioVersion = 17.13.35825.156 d17.13
MinimumVisualStudioVersion = 10.0.40219.1
Project("{FAE04EC0-301F-11D3-BF4B-00C04F79EFBC}") = "17. LINQ", "17. LINQ\17. LINQ.csproj", "{A03C09AF-393B-4256-B5F4-27BCC7F5B8B8}"
EndProject
Global
	GlobalSection(SolutionConfigurationPlatforms) = preSolution
		Debug|Any CPU = Debug|Any CPU
		Release|Any CPU = Release|Any CPU
	EndGlobalSection
	GlobalSection(ProjectConfigurationPlatforms) = postSolution
		{A03C09AF-393B-4256-B5F4-27BCC7F5B8B8}.Debug|Any CPU.ActiveCfg = Debug|Any CPU
		{A03C09AF-393B-4256-B5F4-27BCC7F5B8B8}.Debug|Any CPU.Build.0 = Debug|Any CPU
		{A03C09AF-393B-4256-B5F4-27BCC7F5B8B8}.Release|Any CPU.ActiveCfg = Release|Any CPU
		{A03C09AF-393B-4256-B5F4-27BCC7F5B8B8}.Release|Any CPU.Build.0 = Release|Any CPU
	EndGlobalSection
	GlobalSection(SolutionProperties) = preSolution
		HideSolutionNode = FALSE
	EndGlobalSection
	GlobalSection(ExtensibilityGlobals) = postSolution
		SolutionGuid = {79396496-F934-4BF7-934C-BCA64929E5CF}
	EndGlobalSection
EndGlobal
