
Microsoft Visual Studio Solution File, Format Version 12.00
# Visual Studio Version 17
VisualStudioVersion = 17.13.35825.156 d17.13
MinimumVisualStudioVersion = 10.0.40219.1
Project("{FAE04EC0-301F-11D3-BF4B-00C04F79EFBC}") = "10. Polymorphism", "10. Polymorphism\10. Polymorphism.csproj", "{578ED520-A631-4F76-BB90-73A271CC8DCC}"
EndProject
Global
	GlobalSection(SolutionConfigurationPlatforms) = preSolution
		Debug|Any CPU = Debug|Any CPU
		Release|Any CPU = Release|Any CPU
	EndGlobalSection
	GlobalSection(ProjectConfigurationPlatforms) = postSolution
		{578ED520-A631-4F76-BB90-73A271CC8DCC}.Debug|Any CPU.ActiveCfg = Debug|Any CPU
		{578ED520-A631-4F76-BB90-73A271CC8DCC}.Debug|Any CPU.Build.0 = Debug|Any CPU
		{578ED520-A631-4F76-BB90-73A271CC8DCC}.Release|Any CPU.ActiveCfg = Release|Any CPU
		{578ED520-A631-4F76-BB90-73A271CC8DCC}.Release|Any CPU.Build.0 = Release|Any CPU
	EndGlobalSection
	GlobalSection(SolutionProperties) = preSolution
		HideSolutionNode = FALSE
	EndGlobalSection
	GlobalSection(ExtensibilityGlobals) = postSolution
		SolutionGuid = {4C9EF3AB-8A8A-43C8-8861-43BF3BC6FA1C}
	EndGlobalSection
EndGlobal
